{
    "_meta": {
        "hash": {
            "sha256": "193b12426f99934c3d75cb6b3efab600097b50b455273c0a53bdd5052758909b"
        },
        "pipfile-spec": 6,
        "requires": {
            "python_version": "3.7"
        },
        "sources": [
            {
                "name": "pypi",
                "url": "https://pypi.org/simple",
                "verify_ssl": true
            }
        ]
    },
    "default": {
        "apscheduler": {
            "hashes": [
                "sha256:6599bc78901ee7e9be85cbd073d9cc155c42d2bc867c5cde4d4d1cc339ebfbeb",
                "sha256:a8fe0c82d1c21bcf4a1b0e00aa35709f1f63fdd36446e406fa56cc0d51d3acc6"
            ],
            "index": "pypi",
            "version": "==3.5.3"
        },
        "django": {
            "hashes": [
                "sha256:275bec66fd2588dd517ada59b8bfb23d4a9abc5a362349139ddda3c7ff6f5ade",
                "sha256:939652e9d34d7d53d74d5d8ef82a19e5f8bb2de75618f7e5360691b6e9667963"
            ],
            "index": "pypi",
            "version": "==2.1.7"
        },
        "pytz": {
            "hashes": [
                "sha256:32b0891edff07e28efe91284ed9c31e123d84bea3fd98e1f72be2508f43ef8d9",
                "sha256:d5f05e487007e29e03409f9398d074e158d920d36eb82eaf66fb1136b0c5374c"
            ],
            "version": "==2018.9"
        },
        "six": {
            "hashes": [
                "sha256:3350809f0555b11f552448330d0b52d5f24c91a322ea4a15ef22629740f3761c",
                "sha256:d16a0141ec1a18405cd4ce8b4613101da75da0e9a7aec5bdd4fa804d0e0eba73"
            ],
            "version": "==1.12.0"
        },
        "tzlocal": {
            "hashes": [
                "sha256:3faceb8aba8774b3844361525c9edb3a4d9c8f188dd70a3bf5a616c1899fc8ed",
                "sha256:4ebeb848845ac898da6519b9b31879cf13b6626f7184c496037b818e238f2c4e"
            ],
            "version": "==1.5.1"
        }
    },
    "develop": {}
}
